
Microsoft Visual Studio Solution File, Format Version 12.00
# Visual Studio Version 17
VisualStudioVersion = 17.5.002.0
MinimumVisualStudioVersion = 10.0.40219.1
Project("{9A19103F-16F7-4668-BE54-9A1E7A4F7556}") = "DesafioPOO", "DesafioPOO.csproj", "{4791C98C-A06C-4D00-A439-D007AD2FD330}"
EndProject
Global
	GlobalSection(SolutionConfigurationPlatforms) = preSolution
		Debug|Any CPU = Debug|Any CPU
		Release|Any CPU = Release|Any CPU
	EndGlobalSection
	GlobalSection(ProjectConfigurationPlatforms) = postSolution
		{4791C98C-A06C-4D00-A439-D007AD2FD330}.Debug|Any CPU.ActiveCfg = Debug|Any CPU
		{4791C98C-A06C-4D00-A439-D007AD2FD330}.Debug|Any CPU.Build.0 = Debug|Any CPU
		{4791C98C-A06C-4D00-A439-D007AD2FD330}.Release|Any CPU.ActiveCfg = Release|Any CPU
		{4791C98C-A06C-4D00-A439-D007AD2FD330}.Release|Any CPU.Build.0 = Release|Any CPU
	EndGlobalSection
	GlobalSection(SolutionProperties) = preSolution
		HideSolutionNode = FALSE
	EndGlobalSection
	GlobalSection(ExtensibilityGlobals) = postSolution
		SolutionGuid = {C20ED78E-8870-4F7A-A7C3-18C7CDCFA665}
	EndGlobalSection
EndGlobal
